
Microsoft Visual Studio Solution File, Format Version 12.00
# Visual Studio Version 16
VisualStudioVersion = 16.0.31005.135
MinimumVisualStudioVersion = 10.0.40219.1
Project("{9A19103F-16F7-4668-BE54-9A1E7A4F7556}") = "Movie_PlusPlus", "Movie_PlusPlus\Movie_PlusPlus.csproj", "{7B79F1EE-6116-49BB-9204-C303431AA35A}"
EndProject
Project("{9A19103F-16F7-4668-BE54-9A1E7A4F7556}") = "Movie_Plus.Data", "Movie_Plus.Data\Movie_Plus.Data.csproj", "{321A7840-D62C-48B7-B9D6-4A30E6E289C6}"
EndProject
Project("{9A19103F-16F7-4668-BE54-9A1E7A4F7556}") = "Movie_Plus.Repository", "Movie_Plus.Repository\Movie_Plus.Repository.csproj", "{DCC712A6-15C0-4CFB-BBDC-456613E65B58}"
EndProject
Project("{9A19103F-16F7-4668-BE54-9A1E7A4F7556}") = "Movie_Plus.Services", "Movie_Plus.Services\Movie_Plus.Services.csproj", "{EE5539C2-EA99-4BF5-9260-4865AEB1241D}"
EndProject
Project("{FAE04EC0-301F-11D3-BF4B-00C04F79EFBC}") = "XUnitTest", "XUnitTest\XUnitTest.csproj", "{FA1AA3D3-8615-4C66-BEBE-B856C48C0D75}"
EndProject
Global
	GlobalSection(SolutionConfigurationPlatforms) = preSolution
		Debug|Any CPU = Debug|Any CPU
		Release|Any CPU = Release|Any CPU
	EndGlobalSection
	GlobalSection(ProjectConfigurationPlatforms) = postSolution
		{7B79F1EE-6116-49BB-9204-C303431AA35A}.Debug|Any CPU.ActiveCfg = Debug|Any CPU
		{7B79F1EE-6116-49BB-9204-C303431AA35A}.Debug|Any CPU.Build.0 = Debug|Any CPU
		{7B79F1EE-6116-49BB-9204-C303431AA35A}.Release|Any CPU.ActiveCfg = Release|Any CPU
		{7B79F1EE-6116-49BB-9204-C303431AA35A}.Release|Any CPU.Build.0 = Release|Any CPU
		{321A7840-D62C-48B7-B9D6-4A30E6E289C6}.Debug|Any CPU.ActiveCfg = Debug|Any CPU
		{321A7840-D62C-48B7-B9D6-4A30E6E289C6}.Debug|Any CPU.Build.0 = Debug|Any CPU
		{321A7840-D62C-48B7-B9D6-4A30E6E289C6}.Release|Any CPU.ActiveCfg = Release|Any CPU
		{321A7840-D62C-48B7-B9D6-4A30E6E289C6}.Release|Any CPU.Build.0 = Release|Any CPU
		{DCC712A6-15C0-4CFB-BBDC-456613E65B58}.Debug|Any CPU.ActiveCfg = Debug|Any CPU
		{DCC712A6-15C0-4CFB-BBDC-456613E65B58}.Debug|Any CPU.Build.0 = Debug|Any CPU
		{DCC712A6-15C0-4CFB-BBDC-456613E65B58}.Release|Any CPU.ActiveCfg = Release|Any CPU
		{DCC712A6-15C0-4CFB-BBDC-456613E65B58}.Release|Any CPU.Build.0 = Release|Any CPU
		{EE5539C2-EA99-4BF5-9260-4865AEB1241D}.Debug|Any CPU.ActiveCfg = Debug|Any CPU
		{EE5539C2-EA99-4BF5-9260-4865AEB1241D}.Debug|Any CPU.Build.0 = Debug|Any CPU
		{EE5539C2-EA99-4BF5-9260-4865AEB1241D}.Release|Any CPU.ActiveCfg = Release|Any CPU
		{EE5539C2-EA99-4BF5-9260-4865AEB1241D}.Release|Any CPU.Build.0 = Release|Any CPU
		{FA1AA3D3-8615-4C66-BEBE-B856C48C0D75}.Debug|Any CPU.ActiveCfg = Debug|Any CPU
		{FA1AA3D3-8615-4C66-BEBE-B856C48C0D75}.Debug|Any CPU.Build.0 = Debug|Any CPU
		{FA1AA3D3-8615-4C66-BEBE-B856C48C0D75}.Release|Any CPU.ActiveCfg = Release|Any CPU
		{FA1AA3D3-8615-4C66-BEBE-B856C48C0D75}.Release|Any CPU.Build.0 = Release|Any CPU
	EndGlobalSection
	GlobalSection(SolutionProperties) = preSolution
		HideSolutionNode = FALSE
	EndGlobalSection
	GlobalSection(ExtensibilityGlobals) = postSolution
		SolutionGuid = {824656BF-B5AF-48A7-B192-19E2BD3C04D0}
	EndGlobalSection
EndGlobal
